
Microsoft Visual Studio Solution File, Format Version 12.00
# Visual Studio 15
Project("{FAE04EC0-301F-11D3-BF4B-00C04F79EFBC}") = "SampleNetCoreApp", "SampleNetCoreApp\SampleNetCoreApp.csproj", "{B80D17C9-1E9B-4D27-A583-90793EA31731}"
EndProject
Global
	GlobalSection(SolutionConfigurationPlatforms) = preSolution
		Debug|Any CPU = Debug|Any CPU
		Release|Any CPU = Release|Any CPU
	EndGlobalSection
	GlobalSection(ProjectConfigurationPlatforms) = postSolution
		{B80D17C9-1E9B-4D27-A583-90793EA31731}.Debug|Any CPU.ActiveCfg = Debug|Any CPU
		{B80D17C9-1E9B-4D27-A583-90793EA31731}.Debug|Any CPU.Build.0 = Debug|Any CPU
		{B80D17C9-1E9B-4D27-A583-90793EA31731}.Release|Any CPU.ActiveCfg = Release|Any CPU
		{B80D17C9-1E9B-4D27-A583-90793EA31731}.Release|Any CPU.Build.0 = Release|Any CPU
	EndGlobalSection
EndGlobal
